
Microsoft Visual Studio Solution File, Format Version 12.00
# Visual Studio Version 17
VisualStudioVersion = 17.11.35222.181
MinimumVisualStudioVersion = 10.0.40219.1
Project("{FAE04EC0-301F-11D3-BF4B-00C04F79EFBC}") = "Euklid", "Euklid\Euklid.csproj", "{BA2D6090-A21C-445A-92B1-12CC4B4CC481}"
EndProject
Global
	GlobalSection(SolutionConfigurationPlatforms) = preSolution
		Debug|Any CPU = Debug|Any CPU
		Release|Any CPU = Release|Any CPU
	EndGlobalSection
	GlobalSection(ProjectConfigurationPlatforms) = postSolution
		{BA2D6090-A21C-445A-92B1-12CC4B4CC481}.Debug|Any CPU.ActiveCfg = Debug|Any CPU
		{BA2D6090-A21C-445A-92B1-12CC4B4CC481}.Debug|Any CPU.Build.0 = Debug|Any CPU
		{BA2D6090-A21C-445A-92B1-12CC4B4CC481}.Release|Any CPU.ActiveCfg = Release|Any CPU
		{BA2D6090-A21C-445A-92B1-12CC4B4CC481}.Release|Any CPU.Build.0 = Release|Any CPU
	EndGlobalSection
	GlobalSection(SolutionProperties) = preSolution
		HideSolutionNode = FALSE
	EndGlobalSection
	GlobalSection(ExtensibilityGlobals) = postSolution
		SolutionGuid = {725EF539-E8D4-46FD-BF33-13412971490B}
	EndGlobalSection
EndGlobal
