
Microsoft Visual Studio Solution File, Format Version 12.00
# Visual Studio Version 17
VisualStudioVersion = 17.11.35222.181
MinimumVisualStudioVersion = 10.0.40219.1
Project("{FAE04EC0-301F-11D3-BF4B-00C04F79EFBC}") = "TargetApp", "TargetApp\TargetApp.csproj", "{789C27D2-B2C8-46D4-9729-C3A0C7FFED47}"
EndProject
Global
	GlobalSection(SolutionConfigurationPlatforms) = preSolution
		Debug|Any CPU = Debug|Any CPU
		Release|Any CPU = Release|Any CPU
	EndGlobalSection
	GlobalSection(ProjectConfigurationPlatforms) = postSolution
		{789C27D2-B2C8-46D4-9729-C3A0C7FFED47}.Debug|Any CPU.ActiveCfg = Debug|Any CPU
		{789C27D2-B2C8-46D4-9729-C3A0C7FFED47}.Debug|Any CPU.Build.0 = Debug|Any CPU
		{789C27D2-B2C8-46D4-9729-C3A0C7FFED47}.Release|Any CPU.ActiveCfg = Release|Any CPU
		{789C27D2-B2C8-46D4-9729-C3A0C7FFED47}.Release|Any CPU.Build.0 = Release|Any CPU
	EndGlobalSection
	GlobalSection(SolutionProperties) = preSolution
		HideSolutionNode = FALSE
	EndGlobalSection
	GlobalSection(ExtensibilityGlobals) = postSolution
		SolutionGuid = {A1D38B05-2D55-427D-9EC5-DD6C548DF651}
	EndGlobalSection
EndGlobal
