
Microsoft Visual Studio Solution File, Format Version 12.00
# Visual Studio Version 17
VisualStudioVersion = 17.11.35222.181
MinimumVisualStudioVersion = 10.0.40219.1
Project("{FAE04EC0-301F-11D3-BF4B-00C04F79EFBC}") = "ConsoleApp1", "ConsoleApp1\ConsoleApp1.csproj", "{950D5A33-3C27-4F0A-BAFC-87912AF95A7D}"
EndProject
Global
	GlobalSection(SolutionConfigurationPlatforms) = preSolution
		Debug|Any CPU = Debug|Any CPU
		Release|Any CPU = Release|Any CPU
	EndGlobalSection
	GlobalSection(ProjectConfigurationPlatforms) = postSolution
		{950D5A33-3C27-4F0A-BAFC-87912AF95A7D}.Debug|Any CPU.ActiveCfg = Debug|Any CPU
		{950D5A33-3C27-4F0A-BAFC-87912AF95A7D}.Debug|Any CPU.Build.0 = Debug|Any CPU
		{950D5A33-3C27-4F0A-BAFC-87912AF95A7D}.Release|Any CPU.ActiveCfg = Release|Any CPU
		{950D5A33-3C27-4F0A-BAFC-87912AF95A7D}.Release|Any CPU.Build.0 = Release|Any CPU
	EndGlobalSection
	GlobalSection(SolutionProperties) = preSolution
		HideSolutionNode = FALSE
	EndGlobalSection
	GlobalSection(ExtensibilityGlobals) = postSolution
		SolutionGuid = {9ACADD74-DBF6-46CB-8A77-45401F47CCAB}
	EndGlobalSection
EndGlobal
