
Microsoft Visual Studio Solution File, Format Version 12.00
# Visual Studio Version 17
VisualStudioVersion = 17.11.35222.181
MinimumVisualStudioVersion = 10.0.40219.1
Project("{FAE04EC0-301F-11D3-BF4B-00C04F79EFBC}") = "sin", "sin\sin.csproj", "{DAE84F11-90A4-461E-9A6B-6D78D89A9847}"
EndProject
Global
	GlobalSection(SolutionConfigurationPlatforms) = preSolution
		Debug|Any CPU = Debug|Any CPU
		Release|Any CPU = Release|Any CPU
	EndGlobalSection
	GlobalSection(ProjectConfigurationPlatforms) = postSolution
		{DAE84F11-90A4-461E-9A6B-6D78D89A9847}.Debug|Any CPU.ActiveCfg = Debug|Any CPU
		{DAE84F11-90A4-461E-9A6B-6D78D89A9847}.Debug|Any CPU.Build.0 = Debug|Any CPU
		{DAE84F11-90A4-461E-9A6B-6D78D89A9847}.Release|Any CPU.ActiveCfg = Release|Any CPU
		{DAE84F11-90A4-461E-9A6B-6D78D89A9847}.Release|Any CPU.Build.0 = Release|Any CPU
	EndGlobalSection
	GlobalSection(SolutionProperties) = preSolution
		HideSolutionNode = FALSE
	EndGlobalSection
	GlobalSection(ExtensibilityGlobals) = postSolution
		SolutionGuid = {8C7EC5E7-0206-4532-902E-9F005D0BCC7F}
	EndGlobalSection
EndGlobal
