
Microsoft Visual Studio Solution File, Format Version 12.00
# Visual Studio Version 17
VisualStudioVersion = 17.11.35222.181
MinimumVisualStudioVersion = 10.0.40219.1
Project("{FAE04EC0-301F-11D3-BF4B-00C04F79EFBC}") = "Sum", "Sum\Sum.csproj", "{1899EAAC-6925-4A0B-B52B-10614A77D768}"
EndProject
Global
	GlobalSection(SolutionConfigurationPlatforms) = preSolution
		Debug|Any CPU = Debug|Any CPU
		Release|Any CPU = Release|Any CPU
	EndGlobalSection
	GlobalSection(ProjectConfigurationPlatforms) = postSolution
		{1899EAAC-6925-4A0B-B52B-10614A77D768}.Debug|Any CPU.ActiveCfg = Debug|Any CPU
		{1899EAAC-6925-4A0B-B52B-10614A77D768}.Debug|Any CPU.Build.0 = Debug|Any CPU
		{1899EAAC-6925-4A0B-B52B-10614A77D768}.Release|Any CPU.ActiveCfg = Release|Any CPU
		{1899EAAC-6925-4A0B-B52B-10614A77D768}.Release|Any CPU.Build.0 = Release|Any CPU
	EndGlobalSection
	GlobalSection(SolutionProperties) = preSolution
		HideSolutionNode = FALSE
	EndGlobalSection
	GlobalSection(ExtensibilityGlobals) = postSolution
		SolutionGuid = {4DF95268-F412-425C-96A4-EC742AA64349}
	EndGlobalSection
EndGlobal
