
Microsoft Visual Studio Solution File, Format Version 12.00
# Visual Studio Version 17
VisualStudioVersion = 17.11.35222.181
MinimumVisualStudioVersion = 10.0.40219.1
Project("{FAE04EC0-301F-11D3-BF4B-00C04F79EFBC}") = "Igra", "Igra\Igra.csproj", "{32DCF257-BD3F-4479-8272-81BB9FBD24F5}"
EndProject
Global
	GlobalSection(SolutionConfigurationPlatforms) = preSolution
		Debug|Any CPU = Debug|Any CPU
		Release|Any CPU = Release|Any CPU
	EndGlobalSection
	GlobalSection(ProjectConfigurationPlatforms) = postSolution
		{32DCF257-BD3F-4479-8272-81BB9FBD24F5}.Debug|Any CPU.ActiveCfg = Debug|Any CPU
		{32DCF257-BD3F-4479-8272-81BB9FBD24F5}.Debug|Any CPU.Build.0 = Debug|Any CPU
		{32DCF257-BD3F-4479-8272-81BB9FBD24F5}.Release|Any CPU.ActiveCfg = Release|Any CPU
		{32DCF257-BD3F-4479-8272-81BB9FBD24F5}.Release|Any CPU.Build.0 = Release|Any CPU
	EndGlobalSection
	GlobalSection(SolutionProperties) = preSolution
		HideSolutionNode = FALSE
	EndGlobalSection
	GlobalSection(ExtensibilityGlobals) = postSolution
		SolutionGuid = {1CD63CE6-8A04-4557-8EF0-2B4B80B50DC7}
	EndGlobalSection
EndGlobal
