
Microsoft Visual Studio Solution File, Format Version 12.00
# Visual Studio Version 17
VisualStudioVersion = 17.11.35222.181
MinimumVisualStudioVersion = 10.0.40219.1
Project("{FAE04EC0-301F-11D3-BF4B-00C04F79EFBC}") = "Shapeifelse", "Shapeifelse\Shapeifelse.csproj", "{20358482-480F-4620-B54C-E6926850459A}"
EndProject
Global
	GlobalSection(SolutionConfigurationPlatforms) = preSolution
		Debug|Any CPU = Debug|Any CPU
		Release|Any CPU = Release|Any CPU
	EndGlobalSection
	GlobalSection(ProjectConfigurationPlatforms) = postSolution
		{20358482-480F-4620-B54C-E6926850459A}.Debug|Any CPU.ActiveCfg = Debug|Any CPU
		{20358482-480F-4620-B54C-E6926850459A}.Debug|Any CPU.Build.0 = Debug|Any CPU
		{20358482-480F-4620-B54C-E6926850459A}.Release|Any CPU.ActiveCfg = Release|Any CPU
		{20358482-480F-4620-B54C-E6926850459A}.Release|Any CPU.Build.0 = Release|Any CPU
	EndGlobalSection
	GlobalSection(SolutionProperties) = preSolution
		HideSolutionNode = FALSE
	EndGlobalSection
	GlobalSection(ExtensibilityGlobals) = postSolution
		SolutionGuid = {6F4F42FC-3559-487D-B2F2-F33F5DF9625C}
	EndGlobalSection
EndGlobal
