
Microsoft Visual Studio Solution File, Format Version 12.00
# Visual Studio Version 17
VisualStudioVersion = 17.11.35222.181
MinimumVisualStudioVersion = 10.0.40219.1
Project("{FAE04EC0-301F-11D3-BF4B-00C04F79EFBC}") = "Utils", "Utils\Utils.csproj", "{FD3F4AEC-DC2C-4BF3-AFB8-ABBA58F30919}"
EndProject
Global
	GlobalSection(SolutionConfigurationPlatforms) = preSolution
		Debug|Any CPU = Debug|Any CPU
		Release|Any CPU = Release|Any CPU
	EndGlobalSection
	GlobalSection(ProjectConfigurationPlatforms) = postSolution
		{FD3F4AEC-DC2C-4BF3-AFB8-ABBA58F30919}.Debug|Any CPU.ActiveCfg = Debug|Any CPU
		{FD3F4AEC-DC2C-4BF3-AFB8-ABBA58F30919}.Debug|Any CPU.Build.0 = Debug|Any CPU
		{FD3F4AEC-DC2C-4BF3-AFB8-ABBA58F30919}.Release|Any CPU.ActiveCfg = Release|Any CPU
		{FD3F4AEC-DC2C-4BF3-AFB8-ABBA58F30919}.Release|Any CPU.Build.0 = Release|Any CPU
	EndGlobalSection
	GlobalSection(SolutionProperties) = preSolution
		HideSolutionNode = FALSE
	EndGlobalSection
	GlobalSection(ExtensibilityGlobals) = postSolution
		SolutionGuid = {DE76D318-5291-456A-B365-D4C774B1A9B5}
	EndGlobalSection
EndGlobal
